dependencies:
- name: minio
  repository: https://charts.bitnami.com/bitnami
  version: 12.1.10
- name: common
  repository: https://szpadel.github.io/library-charts
  version: 0.2.0
- name: redis
  repository: https://charts.bitnami.com/bitnami
  version: 17.8.3
digest: sha256:0257cc1dd945d2f4df1ec39f8c0a2a7d613105a49832d3925161e0562e9bc632
generated: "2023-03-09T13:17:48.055246324+01:00"
