dependencies:
- name: minio
  repository: https://charts.bitnami.com/bitnami
  version: 12.1.10
- name: common
  repository: https://szpadel.github.io/library-charts
  version: 0.2.0
digest: sha256:26de64cf967dff759d763fb9c1c6a6ee36084f9b94ae550b6557a5dd0ad0c400
generated: "2023-03-09T11:38:28.302262031+01:00"
