dependencies:
- name: common
  repository: https://library-charts.k8s-at-home.com
  version: 4.5.2
- name: mariadb
  repository: https://charts.bitnami.com/bitnami
  version: 11.4.0
- name: memcached
  repository: https://charts.bitnami.com/bitnami
  version: 6.3.1
- name: elasticsearch
  repository: https://charts.bitnami.com/bitnami
  version: 19.5.2
digest: sha256:6e384a969e946c7fb034bc6eed15503e2c87196460cacb8aac8d0ddaecc19869
generated: "2022-11-18T14:57:35.512707825+01:00"
